# THIS IS AN AUTOGENERATED FILE. DO NOT EDIT THIS FILE DIRECTLY.
# yarn lockfile v1


brew@0.0.8:
  version "0.0.8"
  resolved "https://registry.yarnpkg.com/brew/-/brew-0.0.8.tgz#0418840ef1526f0eb5301ed31f22848d71624c6f"

emitter-component@^1.1.1:
  version "1.1.1"
  resolved "https://registry.yarnpkg.com/emitter-component/-/emitter-component-1.1.1.tgz#065e2dbed6959bf470679edabeaf7981d1003ab6"

flatpickr@^4.5.7:
  version "4.5.7"
  resolved "https://registry.yarnpkg.com/flatpickr/-/flatpickr-4.5.7.tgz#6efc0d93c65547aa77294205c67830ebabe3565c"

hammerjs@^2.0.8:
  version "2.0.8"
  resolved "https://registry.yarnpkg.com/hammerjs/-/hammerjs-2.0.8.tgz#04ef77862cff2bb79d30f7692095930222bf60f1"

keycharm@^0.2.0:
  version "0.2.0"
  resolved "https://registry.yarnpkg.com/keycharm/-/keycharm-0.2.0.tgz#fa6ea2e43b90a68028843d27f2075d35a8c3e6f9"

moment@^2.18.1:
  version "2.29.1"
  resolved "https://registry.yarnpkg.com/moment/-/moment-2.29.1.tgz#b2be769fa31940be9eeea6469c075e35006fa3d3"

propagating-hammerjs@^1.4.6:
  version "1.5.0"
  resolved "https://registry.yarnpkg.com/propagating-hammerjs/-/propagating-hammerjs-1.5.0.tgz#223d58465489b64879fb0cef2c99ba92b294c239"
  dependencies:
    hammerjs "^2.0.8"

vis-timeline@^7.4.4:
  version "7.4.4"
  resolved "https://registry.yarnpkg.com/vis-timeline/-/vis-timeline-7.4.4.tgz#9d52885fa6e098f0860dd9a4f712691b7a222d98"

vis@^4.21.0-EOL:
  version "4.21.0-EOL"
  resolved "https://registry.yarnpkg.com/vis/-/vis-4.21.0-EOL.tgz#e397085d439de6f6ff1f3c46287e5bef51b47b03"
  dependencies:
    emitter-component "^1.1.1"
    hammerjs "^2.0.8"
    keycharm "^0.2.0"
    moment "^2.18.1"
    propagating-hammerjs "^1.4.6"
